
Microsoft Visual Studio Solution File, Format Version 12.00
# Visual Studio Version 17
VisualStudioVersion = 17.5.33502.453
MinimumVisualStudioVersion = 10.0.40219.1
Project("{FAE04EC0-301F-11D3-BF4B-00C04F79EFBC}") = "BancoPassoAPasso", "BancoPassoAPasso.csproj", "{9F72D152-0885-46A9-A0BE-E7B023C8C832}"
EndProject
Global
	GlobalSection(SolutionConfigurationPlatforms) = preSolution
		Debug|Any CPU = Debug|Any CPU
		Release|Any CPU = Release|Any CPU
	EndGlobalSection
	GlobalSection(ProjectConfigurationPlatforms) = postSolution
		{9F72D152-0885-46A9-A0BE-E7B023C8C832}.Debug|Any CPU.ActiveCfg = Debug|Any CPU
		{9F72D152-0885-46A9-A0BE-E7B023C8C832}.Debug|Any CPU.Build.0 = Debug|Any CPU
		{9F72D152-0885-46A9-A0BE-E7B023C8C832}.Release|Any CPU.ActiveCfg = Release|Any CPU
		{9F72D152-0885-46A9-A0BE-E7B023C8C832}.Release|Any CPU.Build.0 = Release|Any CPU
	EndGlobalSection
	GlobalSection(SolutionProperties) = preSolution
		HideSolutionNode = FALSE
	EndGlobalSection
	GlobalSection(ExtensibilityGlobals) = postSolution
		SolutionGuid = {3148CB5B-1367-42A1-B43F-1F7099F8E8ED}
	EndGlobalSection
EndGlobal
